
Microsoft Visual Studio Solution File, Format Version 12.00
# Visual Studio 15
VisualStudioVersion = 15.0.27703.2035
MinimumVisualStudioVersion = 10.0.40219.1
Project("{FAE04EC0-301F-11D3-BF4B-00C04F79EFBC}") = "VocabLearn", "VocabLearn\VocabLearn.csproj", "{0911F737-614C-42EA-BFCB-96E8204A16E2}"
EndProject
Global
	GlobalSection(SolutionConfigurationPlatforms) = preSolution
		Debug|Any CPU = Debug|Any CPU
		Release|Any CPU = Release|Any CPU
	EndGlobalSection
	GlobalSection(ProjectConfigurationPlatforms) = postSolution
		{0911F737-614C-42EA-BFCB-96E8204A16E2}.Debug|Any CPU.ActiveCfg = Debug|Any CPU
		{0911F737-614C-42EA-BFCB-96E8204A16E2}.Debug|Any CPU.Build.0 = Debug|Any CPU
		{0911F737-614C-42EA-BFCB-96E8204A16E2}.Release|Any CPU.ActiveCfg = Release|Any CPU
		{0911F737-614C-42EA-BFCB-96E8204A16E2}.Release|Any CPU.Build.0 = Release|Any CPU
	EndGlobalSection
	GlobalSection(SolutionProperties) = preSolution
		HideSolutionNode = FALSE
	EndGlobalSection
	GlobalSection(ExtensibilityGlobals) = postSolution
		SolutionGuid = {E912946F-C848-4E9C-969D-946B54FEB286}
	EndGlobalSection
EndGlobal
